
Microsoft Visual Studio Solution File, Format Version 12.00
# Visual Studio Version 17
VisualStudioVersion = 17.5.002.0
MinimumVisualStudioVersion = 10.0.40219.1
Project("{9A19103F-16F7-4668-BE54-9A1E7A4F7556}") = "SalesAdminWeb", "SalesAdminWeb\SalesAdminWeb.csproj", "{9EEEF88E-D07A-44EC-9252-56F6A9BB4776}"
EndProject
Project("{9A19103F-16F7-4668-BE54-9A1E7A4F7556}") = "SalesAdminApi", "SalesAdminApi\SalesAdminApi.csproj", "{8B9AAE50-1DE5-4BFB-AB42-3F7368FBDC13}"
EndProject
Global
	GlobalSection(SolutionConfigurationPlatforms) = preSolution
		Debug|Any CPU = Debug|Any CPU
		Release|Any CPU = Release|Any CPU
	EndGlobalSection
	GlobalSection(ProjectConfigurationPlatforms) = postSolution
		{9EEEF88E-D07A-44EC-9252-56F6A9BB4776}.Debug|Any CPU.ActiveCfg = Debug|Any CPU
		{9EEEF88E-D07A-44EC-9252-56F6A9BB4776}.Debug|Any CPU.Build.0 = Debug|Any CPU
		{9EEEF88E-D07A-44EC-9252-56F6A9BB4776}.Release|Any CPU.ActiveCfg = Release|Any CPU
		{9EEEF88E-D07A-44EC-9252-56F6A9BB4776}.Release|Any CPU.Build.0 = Release|Any CPU
		{8B9AAE50-1DE5-4BFB-AB42-3F7368FBDC13}.Debug|Any CPU.ActiveCfg = Debug|Any CPU
		{8B9AAE50-1DE5-4BFB-AB42-3F7368FBDC13}.Debug|Any CPU.Build.0 = Debug|Any CPU
		{8B9AAE50-1DE5-4BFB-AB42-3F7368FBDC13}.Release|Any CPU.ActiveCfg = Release|Any CPU
		{8B9AAE50-1DE5-4BFB-AB42-3F7368FBDC13}.Release|Any CPU.Build.0 = Release|Any CPU
	EndGlobalSection
	GlobalSection(SolutionProperties) = preSolution
		HideSolutionNode = FALSE
	EndGlobalSection
	GlobalSection(ExtensibilityGlobals) = postSolution
		SolutionGuid = {2ED38186-06FE-4776-A8A0-D8780CE8143E}
	EndGlobalSection
EndGlobal
